
Microsoft Visual Studio Solution File, Format Version 12.00
# Visual Studio Version 17
VisualStudioVersion = 17.12.35527.113
MinimumVisualStudioVersion = 10.0.40219.1
Project("{FAE04EC0-301F-11D3-BF4B-00C04F79EFBC}") = "PieShop.UI", "PieShop.UI\PieShop.UI.csproj", "{18AED5B6-B926-4C86-952A-6982D1E14FD3}"
EndProject
Project("{FAE04EC0-301F-11D3-BF4B-00C04F79EFBC}") = "PieShop.BusinessLogic", "PieShop.BusinessLogic\PieShop.BusinessLogic.csproj", "{58EEAAE7-15C8-42EA-9BF5-93CBE495CF20}"
EndProject
Project("{FAE04EC0-301F-11D3-BF4B-00C04F79EFBC}") = "PieShop.DataAccess", "PieShop.DataAccess\PieShop.DataAccess.csproj", "{11646434-C32C-4174-94B8-6199CA797908}"
EndProject
Project("{FAE04EC0-301F-11D3-BF4B-00C04F79EFBC}") = "PieShop.Models", "PieShop.Models\PieShop.Models.csproj", "{AA4B5487-F2D6-4961-8DFB-DB4B7E7CAC5D}"
EndProject
Project("{FAE04EC0-301F-11D3-BF4B-00C04F79EFBC}") = "PieShop.Initialization", "PieShop.Initialization\PieShop.Initialization.csproj", "{8ACA0948-237A-4FA3-8853-BDFBA2188D2C}"
EndProject
Project("{FAE04EC0-301F-11D3-BF4B-00C04F79EFBC}") = "PieShop.AppHost", "PieShop.AppHost\PieShop.AppHost.csproj", "{B3D4D5BC-1B2B-49C0-8276-7D1EFC931914}"
EndProject
Project("{FAE04EC0-301F-11D3-BF4B-00C04F79EFBC}") = "PieShop.ServiceDefaults", "PieShop.ServiceDefaults\PieShop.ServiceDefaults.csproj", "{D574BBB6-6E88-4A8C-8ADA-39EA502C50D8}"
EndProject
Project("{FAE04EC0-301F-11D3-BF4B-00C04F79EFBC}") = "PieShop.Database.Initialization", "PieShop.Database.Initialization\PieShop.Database.Initialization.csproj", "{778CF66F-EC3B-4FED-A47E-DB9CAB4CE3DB}"
EndProject
Global
	GlobalSection(SolutionConfigurationPlatforms) = preSolution
		Debug|Any CPU = Debug|Any CPU
		Release|Any CPU = Release|Any CPU
	EndGlobalSection
	GlobalSection(ProjectConfigurationPlatforms) = postSolution
		{18AED5B6-B926-4C86-952A-6982D1E14FD3}.Debug|Any CPU.ActiveCfg = Debug|Any CPU
		{18AED5B6-B926-4C86-952A-6982D1E14FD3}.Debug|Any CPU.Build.0 = Debug|Any CPU
		{18AED5B6-B926-4C86-952A-6982D1E14FD3}.Release|Any CPU.ActiveCfg = Release|Any CPU
		{18AED5B6-B926-4C86-952A-6982D1E14FD3}.Release|Any CPU.Build.0 = Release|Any CPU
		{58EEAAE7-15C8-42EA-9BF5-93CBE495CF20}.Debug|Any CPU.ActiveCfg = Debug|Any CPU
		{58EEAAE7-15C8-42EA-9BF5-93CBE495CF20}.Debug|Any CPU.Build.0 = Debug|Any CPU
		{58EEAAE7-15C8-42EA-9BF5-93CBE495CF20}.Release|Any CPU.ActiveCfg = Release|Any CPU
		{58EEAAE7-15C8-42EA-9BF5-93CBE495CF20}.Release|Any CPU.Build.0 = Release|Any CPU
		{11646434-C32C-4174-94B8-6199CA797908}.Debug|Any CPU.ActiveCfg = Debug|Any CPU
		{11646434-C32C-4174-94B8-6199CA797908}.Debug|Any CPU.Build.0 = Debug|Any CPU
		{11646434-C32C-4174-94B8-6199CA797908}.Release|Any CPU.ActiveCfg = Release|Any CPU
		{11646434-C32C-4174-94B8-6199CA797908}.Release|Any CPU.Build.0 = Release|Any CPU
		{AA4B5487-F2D6-4961-8DFB-DB4B7E7CAC5D}.Debug|Any CPU.ActiveCfg = Debug|Any CPU
		{AA4B5487-F2D6-4961-8DFB-DB4B7E7CAC5D}.Debug|Any CPU.Build.0 = Debug|Any CPU
		{AA4B5487-F2D6-4961-8DFB-DB4B7E7CAC5D}.Release|Any CPU.ActiveCfg = Release|Any CPU
		{AA4B5487-F2D6-4961-8DFB-DB4B7E7CAC5D}.Release|Any CPU.Build.0 = Release|Any CPU
		{8ACA0948-237A-4FA3-8853-BDFBA2188D2C}.Debug|Any CPU.ActiveCfg = Debug|Any CPU
		{8ACA0948-237A-4FA3-8853-BDFBA2188D2C}.Debug|Any CPU.Build.0 = Debug|Any CPU
		{8ACA0948-237A-4FA3-8853-BDFBA2188D2C}.Release|Any CPU.ActiveCfg = Release|Any CPU
		{8ACA0948-237A-4FA3-8853-BDFBA2188D2C}.Release|Any CPU.Build.0 = Release|Any CPU
		{B3D4D5BC-1B2B-49C0-8276-7D1EFC931914}.Debug|Any CPU.ActiveCfg = Debug|Any CPU
		{B3D4D5BC-1B2B-49C0-8276-7D1EFC931914}.Debug|Any CPU.Build.0 = Debug|Any CPU
		{B3D4D5BC-1B2B-49C0-8276-7D1EFC931914}.Release|Any CPU.ActiveCfg = Release|Any CPU
		{B3D4D5BC-1B2B-49C0-8276-7D1EFC931914}.Release|Any CPU.Build.0 = Release|Any CPU
		{D574BBB6-6E88-4A8C-8ADA-39EA502C50D8}.Debug|Any CPU.ActiveCfg = Debug|Any CPU
		{D574BBB6-6E88-4A8C-8ADA-39EA502C50D8}.Debug|Any CPU.Build.0 = Debug|Any CPU
		{D574BBB6-6E88-4A8C-8ADA-39EA502C50D8}.Release|Any CPU.ActiveCfg = Release|Any CPU
		{D574BBB6-6E88-4A8C-8ADA-39EA502C50D8}.Release|Any CPU.Build.0 = Release|Any CPU
		{778CF66F-EC3B-4FED-A47E-DB9CAB4CE3DB}.Debug|Any CPU.ActiveCfg = Debug|Any CPU
		{778CF66F-EC3B-4FED-A47E-DB9CAB4CE3DB}.Debug|Any CPU.Build.0 = Debug|Any CPU
		{778CF66F-EC3B-4FED-A47E-DB9CAB4CE3DB}.Release|Any CPU.ActiveCfg = Release|Any CPU
		{778CF66F-EC3B-4FED-A47E-DB9CAB4CE3DB}.Release|Any CPU.Build.0 = Release|Any CPU
	EndGlobalSection
	GlobalSection(SolutionProperties) = preSolution
		HideSolutionNode = FALSE
	EndGlobalSection
EndGlobal
